
Microsoft Visual Studio Solution File, Format Version 12.00
# Visual Studio Version 16
VisualStudioVersion = 16.0.32929.386
MinimumVisualStudioVersion = 10.0.40219.1
Project("{FAE04EC0-301F-11D3-BF4B-00C04F79EFBC}") = "TraverseFiles", "TraverseFiles\TraverseFiles.csproj", "{0D39E1C8-B513-424A-97F3-259050F9899A}"
EndProject
Project("{FAE04EC0-301F-11D3-BF4B-00C04F79EFBC}") = "BatchGenerateCode", "BatchGenerateCode\BatchGenerateCode.csproj", "{91071255-AEB6-4EBF-B226-ADF3E2AFD772}"
EndProject
Project("{FAE04EC0-301F-11D3-BF4B-00C04F79EFBC}") = "BatchRenameFiles", "BatchRenameFiles\BatchRenameFiles.csproj", "{AF6D3036-48C0-4F73-A816-C022D4644A33}"
EndProject
Global
	GlobalSection(SolutionConfigurationPlatforms) = preSolution
		Debug|Any CPU = Debug|Any CPU
		Release|Any CPU = Release|Any CPU
	EndGlobalSection
	GlobalSection(ProjectConfigurationPlatforms) = postSolution
		{0D39E1C8-B513-424A-97F3-259050F9899A}.Debug|Any CPU.ActiveCfg = Debug|Any CPU
		{0D39E1C8-B513-424A-97F3-259050F9899A}.Debug|Any CPU.Build.0 = Debug|Any CPU
		{0D39E1C8-B513-424A-97F3-259050F9899A}.Release|Any CPU.ActiveCfg = Release|Any CPU
		{0D39E1C8-B513-424A-97F3-259050F9899A}.Release|Any CPU.Build.0 = Release|Any CPU
		{91071255-AEB6-4EBF-B226-ADF3E2AFD772}.Debug|Any CPU.ActiveCfg = Debug|Any CPU
		{91071255-AEB6-4EBF-B226-ADF3E2AFD772}.Debug|Any CPU.Build.0 = Debug|Any CPU
		{91071255-AEB6-4EBF-B226-ADF3E2AFD772}.Release|Any CPU.ActiveCfg = Release|Any CPU
		{91071255-AEB6-4EBF-B226-ADF3E2AFD772}.Release|Any CPU.Build.0 = Release|Any CPU
		{AF6D3036-48C0-4F73-A816-C022D4644A33}.Debug|Any CPU.ActiveCfg = Debug|Any CPU
		{AF6D3036-48C0-4F73-A816-C022D4644A33}.Debug|Any CPU.Build.0 = Debug|Any CPU
		{AF6D3036-48C0-4F73-A816-C022D4644A33}.Release|Any CPU.ActiveCfg = Release|Any CPU
		{AF6D3036-48C0-4F73-A816-C022D4644A33}.Release|Any CPU.Build.0 = Release|Any CPU
	EndGlobalSection
	GlobalSection(SolutionProperties) = preSolution
		HideSolutionNode = FALSE
	EndGlobalSection
	GlobalSection(ExtensibilityGlobals) = postSolution
		SolutionGuid = {624E3FEA-7C25-4BA3-AFF5-7A8AE0546126}
	EndGlobalSection
EndGlobal
